
Microsoft Visual Studio Solution File, Format Version 12.00
# Visual Studio Version 16
VisualStudioVersion = 16.0.30804.86
MinimumVisualStudioVersion = 10.0.40219.1
Project("{FAE04EC0-301F-11D3-BF4B-00C04F79EFBC}") = "EFLibrary", "EFcontextLibrary\EFLibrary.csproj", "{36576973-33F9-4E51-9713-A9BFB875ADA3}"
EndProject
Project("{FAE04EC0-301F-11D3-BF4B-00C04F79EFBC}") = "UI", "UI\UI.csproj", "{C51F65AA-8506-489C-8301-8D167C5990BC}"
EndProject
Global
	GlobalSection(SolutionConfigurationPlatforms) = preSolution
		Debug|Any CPU = Debug|Any CPU
		Release|Any CPU = Release|Any CPU
	EndGlobalSection
	GlobalSection(ProjectConfigurationPlatforms) = postSolution
		{36576973-33F9-4E51-9713-A9BFB875ADA3}.Debug|Any CPU.ActiveCfg = Debug|Any CPU
		{36576973-33F9-4E51-9713-A9BFB875ADA3}.Debug|Any CPU.Build.0 = Debug|Any CPU
		{36576973-33F9-4E51-9713-A9BFB875ADA3}.Release|Any CPU.ActiveCfg = Release|Any CPU
		{36576973-33F9-4E51-9713-A9BFB875ADA3}.Release|Any CPU.Build.0 = Release|Any CPU
		{C51F65AA-8506-489C-8301-8D167C5990BC}.Debug|Any CPU.ActiveCfg = Debug|Any CPU
		{C51F65AA-8506-489C-8301-8D167C5990BC}.Debug|Any CPU.Build.0 = Debug|Any CPU
		{C51F65AA-8506-489C-8301-8D167C5990BC}.Release|Any CPU.ActiveCfg = Release|Any CPU
		{C51F65AA-8506-489C-8301-8D167C5990BC}.Release|Any CPU.Build.0 = Release|Any CPU
	EndGlobalSection
	GlobalSection(SolutionProperties) = preSolution
		HideSolutionNode = FALSE
	EndGlobalSection
	GlobalSection(ExtensibilityGlobals) = postSolution
		SolutionGuid = {A3781180-19E8-445D-91B4-6522B5BAE33A}
	EndGlobalSection
EndGlobal
